# This file is automatically @generated by Cargo.
# It is not intended for manual editing.
version = 4

[[package]]
name = "gambit"
version = "0.1.0"
dependencies = [
 "gambit-chess",
 "gambit-pgn",
]

[[package]]
name = "gambit-chess"
version = "0.1.0"

[[package]]
name = "gambit-pgn"
version = "0.1.0"
dependencies = [
 "gambit-chess",
]
